
Microsoft Visual Studio Solution File, Format Version 12.00
# Visual Studio Version 16
VisualStudioVersion = 16.0.29728.190
MinimumVisualStudioVersion = 10.0.40219.1
Project("{FAE04EC0-301F-11D3-BF4B-00C04F79EFBC}") = "MajorProject", "MajorProject\MajorProject.csproj", "{26368BD8-6D18-4B6A-8825-0CC6C9857BAA}"
EndProject
Global
	GlobalSection(SolutionConfigurationPlatforms) = preSolution
		Debug|Any CPU = Debug|Any CPU
		Release|Any CPU = Release|Any CPU
	EndGlobalSection
	GlobalSection(ProjectConfigurationPlatforms) = postSolution
		{26368BD8-6D18-4B6A-8825-0CC6C9857BAA}.Debug|Any CPU.ActiveCfg = Debug|Any CPU
		{26368BD8-6D18-4B6A-8825-0CC6C9857BAA}.Debug|Any CPU.Build.0 = Debug|Any CPU
		{26368BD8-6D18-4B6A-8825-0CC6C9857BAA}.Release|Any CPU.ActiveCfg = Release|Any CPU
		{26368BD8-6D18-4B6A-8825-0CC6C9857BAA}.Release|Any CPU.Build.0 = Release|Any CPU
	EndGlobalSection
	GlobalSection(SolutionProperties) = preSolution
		HideSolutionNode = FALSE
	EndGlobalSection
	GlobalSection(ExtensibilityGlobals) = postSolution
		SolutionGuid = {F51A67F0-FE6A-4183-A27D-E62D68F0128D}
	EndGlobalSection
EndGlobal
